
Microsoft Visual Studio Solution File, Format Version 12.00
# Visual Studio 15
VisualStudioVersion = 15.0.28307.779
MinimumVisualStudioVersion = 10.0.40219.1
Project("{8BC9CEB8-8B4A-11D0-8D11-00A0C91BC942}") = "EventObject", "EventObject\EventObject.vcxproj", "{F2FC4DDF-AA8A-4088-B1D6-279B8C028A2C}"
EndProject
Project("{8BC9CEB8-8B4A-11D0-8D11-00A0C91BC942}") = "MutexObject", "MutexObject\MutexObject.vcxproj", "{0657ECFF-0131-4A45-8843-50D1B2F21678}"
EndProject
Project("{8BC9CEB8-8B4A-11D0-8D11-00A0C91BC942}") = "WaitingForMultipleObj", "WaitingForMultipleObj\WaitingForMultipleObj.vcxproj", "{B498B645-4C1B-47C6-926F-B5929C370AD7}"
EndProject
Global
	GlobalSection(SolutionConfigurationPlatforms) = preSolution
		Debug|x64 = Debug|x64
		Debug|x86 = Debug|x86
		Release|x64 = Release|x64
		Release|x86 = Release|x86
	EndGlobalSection
	GlobalSection(ProjectConfigurationPlatforms) = postSolution
		{F2FC4DDF-AA8A-4088-B1D6-279B8C028A2C}.Debug|x64.ActiveCfg = Debug|x64
		{F2FC4DDF-AA8A-4088-B1D6-279B8C028A2C}.Debug|x64.Build.0 = Debug|x64
		{F2FC4DDF-AA8A-4088-B1D6-279B8C028A2C}.Debug|x86.ActiveCfg = Debug|Win32
		{F2FC4DDF-AA8A-4088-B1D6-279B8C028A2C}.Debug|x86.Build.0 = Debug|Win32
		{F2FC4DDF-AA8A-4088-B1D6-279B8C028A2C}.Release|x64.ActiveCfg = Release|x64
		{F2FC4DDF-AA8A-4088-B1D6-279B8C028A2C}.Release|x64.Build.0 = Release|x64
		{F2FC4DDF-AA8A-4088-B1D6-279B8C028A2C}.Release|x86.ActiveCfg = Release|Win32
		{F2FC4DDF-AA8A-4088-B1D6-279B8C028A2C}.Release|x86.Build.0 = Release|Win32
		{0657ECFF-0131-4A45-8843-50D1B2F21678}.Debug|x64.ActiveCfg = Debug|x64
		{0657ECFF-0131-4A45-8843-50D1B2F21678}.Debug|x64.Build.0 = Debug|x64
		{0657ECFF-0131-4A45-8843-50D1B2F21678}.Debug|x86.ActiveCfg = Debug|Win32
		{0657ECFF-0131-4A45-8843-50D1B2F21678}.Debug|x86.Build.0 = Debug|Win32
		{0657ECFF-0131-4A45-8843-50D1B2F21678}.Release|x64.ActiveCfg = Release|x64
		{0657ECFF-0131-4A45-8843-50D1B2F21678}.Release|x64.Build.0 = Release|x64
		{0657ECFF-0131-4A45-8843-50D1B2F21678}.Release|x86.ActiveCfg = Release|Win32
		{0657ECFF-0131-4A45-8843-50D1B2F21678}.Release|x86.Build.0 = Release|Win32
		{B498B645-4C1B-47C6-926F-B5929C370AD7}.Debug|x64.ActiveCfg = Debug|x64
		{B498B645-4C1B-47C6-926F-B5929C370AD7}.Debug|x64.Build.0 = Debug|x64
		{B498B645-4C1B-47C6-926F-B5929C370AD7}.Debug|x86.ActiveCfg = Debug|Win32
		{B498B645-4C1B-47C6-926F-B5929C370AD7}.Debug|x86.Build.0 = Debug|Win32
		{B498B645-4C1B-47C6-926F-B5929C370AD7}.Release|x64.ActiveCfg = Release|x64
		{B498B645-4C1B-47C6-926F-B5929C370AD7}.Release|x64.Build.0 = Release|x64
		{B498B645-4C1B-47C6-926F-B5929C370AD7}.Release|x86.ActiveCfg = Release|Win32
		{B498B645-4C1B-47C6-926F-B5929C370AD7}.Release|x86.Build.0 = Release|Win32
	EndGlobalSection
	GlobalSection(SolutionProperties) = preSolution
		HideSolutionNode = FALSE
	EndGlobalSection
	GlobalSection(ExtensibilityGlobals) = postSolution
		SolutionGuid = {86B1013F-ECF1-4696-A0F7-3FA2C5BD3EA3}
	EndGlobalSection
EndGlobal
